
Microsoft Visual Studio Solution File, Format Version 12.00
# Visual Studio 2012
VisualStudioVersion = 12.0.21005.1
MinimumVisualStudioVersion = 10.0.40219.1
Project("{FAE04EC0-301F-11D3-BF4B-00C04F79EFBC}") = "RateLimitingExample", "RateLimitingExample\RateLimitingExample.csproj", "{D7924D80-B081-4ECE-A635-4B1C84135E83}"
EndProject
Global
	GlobalSection(SolutionConfigurationPlatforms) = preSolution
		Debug|Any CPU = Debug|Any CPU
		Release|Any CPU = Release|Any CPU
	EndGlobalSection
	GlobalSection(ProjectConfigurationPlatforms) = postSolution
		{D7924D80-B081-4ECE-A635-4B1C84135E83}.Debug|Any CPU.ActiveCfg = Debug|Any CPU
		{D7924D80-B081-4ECE-A635-4B1C84135E83}.Debug|Any CPU.Build.0 = Debug|Any CPU
		{D7924D80-B081-4ECE-A635-4B1C84135E83}.Release|Any CPU.ActiveCfg = Release|Any CPU
		{D7924D80-B081-4ECE-A635-4B1C84135E83}.Release|Any CPU.Build.0 = Release|Any CPU
	EndGlobalSection
	GlobalSection(MonoDevelopProperties) = preSolution
		StartupItem = RateLimitingExample\RateLimitingExample.csproj
	EndGlobalSection
	GlobalSection(SolutionProperties) = preSolution
		HideSolutionNode = FALSE
	EndGlobalSection
EndGlobal
